// !$*UTF8*$!
{
	archiveVersion = 1;
	classes = {
	};
	objectVersion = 50;
	objects = {

/* Begin PBXBuildFile section */
		AC77201221C9DB4A005F3193 /* AppDelegate.swift in Sources */ = {isa = PBXBuildFile; fileRef = AC77201121C9DB4A005F3193 /* AppDelegate.swift */; };
		AC77201621C9DB4A005F3193 /* ViewController.swift in Sources */ = {isa = PBXBuildFile; fileRef = AC77201521C9DB4A005F3193 /* ViewController.swift */; };
		AC77201921C9DB4A005F3193 /* Main.storyboard in Resources */ = {isa = PBXBuildFile; fileRef = AC77201721C9DB4A005F3193 /* Main.storyboard */; };
		AC77201B21C9DB4B005F3193 /* Assets.xcassets in Resources */ = {isa = PBXBuildFile; fileRef = AC77201A21C9DB4B005F3193 /* Assets.xcassets */; };
		AC77201E21C9DB4B005F3193 /* LaunchScreen.storyboard in Resources */ = {isa = PBXBuildFile; fileRef = AC77201C21C9DB4B005F3193 /* LaunchScreen.storyboard */; };
		AC77202621C9DCF5005F3193 /* Eye.swift in Sources */ = {isa = PBXBuildFile; fileRef = AC77202521C9DCF5005F3193 /* Eye.swift */; };
		AC7A6C2121CB31A6006CC7BF /* shot.wav in Resources */ = {isa = PBXBuildFile; fileRef = AC7A6C2021CB31A6006CC7BF /* shot.wav */; };
/* End PBXBuildFile section */

/* Begin PBXFileReference section */
		AC77200E21C9DB4A005F3193 /* FaceInvander.app */ = {isa = PBXFileReference; explicitFileType = wrapper.application; includeInIndex = 0; path = FaceInvander.app; sourceTree = BUILT_PRODUCTS_DIR; };
		AC77201121C9DB4A005F3193 /* AppDelegate.swift */ = {isa = PBXFileReference; lastKnownFileType = sourcecode.swift; path = AppDelegate.swift; sourceTree = "<group>"; };
		AC77201521C9DB4A005F3193 /* ViewController.swift */ = {isa = PBXFileReference; lastKnownFileType = sourcecode.swift; path = ViewController.swift; sourceTree = "<group>"; };
		AC77201821C9DB4A005F3193 /* Base */ = {isa = PBXFileReference; lastKnownFileType = file.storyboard; name = Base; path = Base.lproj/Main.storyboard; sourceTree = "<group>"; };
		AC77201A21C9DB4B005F3193 /* Assets.xcassets */ = {isa = PBXFileReference; lastKnownFileType = folder.assetcatalog; path = Assets.xcassets; sourceTree = "<group>"; };
		AC77201D21C9DB4B005F3193 /* Base */ = {isa = PBXFileReference; lastKnownFileType = file.storyboard; name = Base; path = Base.lproj/LaunchScreen.storyboard; sourceTree = "<group>"; };
		AC77201F21C9DB4B005F3193 /* Info.plist */ = {isa = PBXFileReference; lastKnownFileType = text.plist.xml; path = Info.plist; sourceTree = "<group>"; };
		AC77202521C9DCF5005F3193 /* Eye.swift */ = {isa = PBXFileReference; lastKnownFileType = sourcecode.swift; path = Eye.swift; sourceTree = "<group>"; };
		AC7A6C2021CB31A6006CC7BF /* shot.wav */ = {isa = PBXFileReference; lastKnownFileType = audio.wav; path = shot.wav; sourceTree = "<group>"; };
/* End PBXFileReference section */

/* Begin PBXFrameworksBuildPhase section */
		AC77200B21C9DB4A005F3193 /* Frameworks */ = {
			isa = PBXFrameworksBuildPhase;
			buildActionMask = 2147483647;
			files = (
			);
			runOnlyForDeploymentPostprocessing = 0;
		};
/* End PBXFrameworksBuildPhase section */

/* Begin PBXGroup section */
		AC77200521C9DB4A005F3193 = {
			isa = PBXGroup;
			children = (
				AC77201021C9DB4A005F3193 /* FaceInvander */,
				AC77200F21C9DB4A005F3193 /* Products */,
			);
			sourceTree = "<group>";
		};
		AC77200F21C9DB4A005F3193 /* Products */ = {
			isa = PBXGroup;
			children = (
				AC77200E21C9DB4A005F3193 /* FaceInvander.app */,
			);
			name = Products;
			sourceTree = "<group>";
		};
		AC77201021C9DB4A005F3193 /* FaceInvander */ = {
			isa = PBXGroup;
			children = (
				AC77201121C9DB4A005F3193 /* AppDelegate.swift */,
				AC77201521C9DB4A005F3193 /* ViewController.swift */,
				AC77201721C9DB4A005F3193 /* Main.storyboard */,
				AC77201A21C9DB4B005F3193 /* Assets.xcassets */,
				AC77201C21C9DB4B005F3193 /* LaunchScreen.storyboard */,
				AC77201F21C9DB4B005F3193 /* Info.plist */,
				AC77202521C9DCF5005F3193 /* Eye.swift */,
				AC7A6C2021CB31A6006CC7BF /* shot.wav */,
			);
			path = FaceInvander;
			sourceTree = "<group>";
		};
/* End PBXGroup section */

/* Begin PBXNativeTarget section */
		AC77200D21C9DB4A005F3193 /* FaceInvander */ = {
			isa = PBXNativeTarget;
			buildConfigurationList = AC77202221C9DB4B005F3193 /* Build configuration list for PBXNativeTarget "FaceInvander" */;
			buildPhases = (
				AC77200A21C9DB4A005F3193 /* Sources */,
				AC77200B21C9DB4A005F3193 /* Frameworks */,
				AC77200C21C9DB4A005F3193 /* Resources */,
			);
			buildRules = (
			);
			dependencies = (
			);
			name = FaceInvander;
			productName = FaceInvander;
			productReference = AC77200E21C9DB4A005F3193 /* FaceInvander.app */;
			productType = "com.apple.product-type.application";
		};
/* End PBXNativeTarget section */

/* Begin PBXProject section */
		AC77200621C9DB4A005F3193 /* Project object */ = {
			isa = PBXProject;
			attributes = {
				LastSwiftUpdateCheck = 1010;
				LastUpgradeCheck = 1010;
				ORGANIZATIONNAME = "Viktor Yamchinov";
				TargetAttributes = {
					AC77200D21C9DB4A005F3193 = {
						CreatedOnToolsVersion = 10.1;
					};
				};
			};
			buildConfigurationList = AC77200921C9DB4A005F3193 /* Build configuration list for PBXProject "FaceInvander" */;
			compatibilityVersion = "Xcode 9.3";
			developmentRegion = en;
			hasScannedForEncodings = 0;
			knownRegions = (
				en,
				Base,
			);
			mainGroup = AC77200521C9DB4A005F3193;
			productRefGroup = AC77200F21C9DB4A005F3193 /* Products */;
			projectDirPath = "";
			projectRoot = "";
			targets = (
				AC77200D21C9DB4A005F3193 /* FaceInvander */,
			);
		};
/* End PBXProject section */

/* Begin PBXResourcesBuildPhase section */
		AC77200C21C9DB4A005F3193 /* Resources */ = {
			isa = PBXResourcesBuildPhase;
			buildActionMask = 2147483647;
			files = (
				AC77201E21C9DB4B005F3193 /* LaunchScreen.storyboard in Resources */,
				AC77201B21C9DB4B005F3193 /* Assets.xcassets in Resources */,
				AC7A6C2121CB31A6006CC7BF /* shot.wav in Resources */,
				AC77201921C9DB4A005F3193 /* Main.storyboard in Resources */,
			);
			runOnlyForDeploymentPostprocessing = 0;
		};
/* End PBXResourcesBuildPhase section */

/* Begin PBXSourcesBuildPhase section */
		AC77200A21C9DB4A005F3193 /* Sources */ = {
			isa = PBXSourcesBuildPhase;
			buildActionMask = 2147483647;
			files = (
				AC77201621C9DB4A005F3193 /* ViewController.swift in Sources */,
				AC77201221C9DB4A005F3193 /* AppDelegate.swift in Sources */,
				AC77202621C9DCF5005F3193 /* Eye.swift in Sources */,
			);
			runOnlyForDeploymentPostprocessing = 0;
		};
/* End PBXSourcesBuildPhase section */

/* Begin PBXVariantGroup section */
		AC77201721C9DB4A005F3193 /* Main.storyboard */ = {
			isa = PBXVariantGroup;
			children = (
				AC77201821C9DB4A005F3193 /* Base */,
			);
			name = Main.storyboard;
			sourceTree = "<group>";
		};
		AC77201C21C9DB4B005F3193 /* LaunchScreen.storyboard */ = {
			isa = PBXVariantGroup;
			children = (
				AC77201D21C9DB4B005F3193 /* Base */,
			);
			name = LaunchScreen.storyboard;
			sourceTree = "<group>";
		};
/* End PBXVariantGroup section */

/* Begin XCBuildConfiguration section */
		AC77202021C9DB4B005F3193 /* Debug */ = {
			isa = XCBuildConfiguration;
			buildSettings = {
				ALWAYS_SEARCH_USER_PATHS = NO;
				CLANG_ANALYZER_NONNULL = YES;
				CLANG_ANALYZER_NUMBER_OBJECT_CONVERSION = YES_AGGRESSIVE;
				CLANG_CXX_LANGUAGE_STANDARD = "gnu++14";
				CLANG_CXX_LIBRARY = "libc++";
				CLANG_ENABLE_MODULES = YES;
				CLANG_ENABLE_OBJC_ARC = YES;
				CLANG_ENABLE_OBJC_WEAK = YES;
				CLANG_WARN_BLOCK_CAPTURE_AUTORELEASING = YES;
				CLANG_WARN_BOOL_CONVERSION = YES;
				CLANG_WARN_COMMA = YES;
				CLANG_WARN_CONSTANT_CONVERSION = YES;
				CLANG_WARN_DEPRECATED_OBJC_IMPLEMENTATIONS = YES;
				CLANG_WARN_DIRECT_OBJC_ISA_USAGE = YES_ERROR;
				CLANG_WARN_DOCUMENTATION_COMMENTS = YES;
				CLANG_WARN_EMPTY_BODY = YES;
				CLANG_WARN_ENUM_CONVERSION = YES;
				CLANG_WARN_INFINITE_RECURSION = YES;
				CLANG_WARN_INT_CONVERSION = YES;
				CLANG_WARN_NON_LITERAL_NULL_CONVERSION = YES;
				CLANG_WARN_OBJC_IMPLICIT_RETAIN_SELF = YES;
				CLANG_WARN_OBJC_LITERAL_CONVERSION = YES;
				CLANG_WARN_OBJC_ROOT_CLASS = YES_ERROR;
				CLANG_WARN_RANGE_LOOP_ANALYSIS = YES;
				CLANG_WARN_STRICT_PROTOTYPES = YES;
				CLANG_WARN_SUSPICIOUS_MOVE = YES;
				CLANG_WARN_UNGUARDED_AVAILABILITY = YES_AGGRESSIVE;
				CLANG_WARN_UNREACHABLE_CODE = YES;
				CLANG_WARN__DUPLICATE_METHOD_MATCH = YES;
				CODE_SIGN_IDENTITY = "iPhone Developer";
				COPY_PHASE_STRIP = NO;
				DEBUG_INFORMATION_FORMAT = dwarf;
				ENABLE_STRICT_OBJC_MSGSEND = YES;
				ENABLE_TESTABILITY = YES;
				GCC_C_LANGUAGE_STANDARD = gnu11;
				GCC_DYNAMIC_NO_PIC = NO;
				GCC_NO_COMMON_BLOCKS = YES;
				GCC_OPTIMIZATION_LEVEL = 0;
				GCC_PREPROCESSOR_DEFINITIONS = (
					"DEBUG=1",
					"$(inherited)",
				);
				GCC_WARN_64_TO_32_BIT_CONVERSION = YES;
				GCC_WARN_ABOUT_RETURN_TYPE = YES_ERROR;
				GCC_WARN_UNDECLARED_SELECTOR = YES;
				GCC_WARN_UNINITIALIZED_AUTOS = YES_AGGRESSIVE;
				GCC_WARN_UNUSED_FUNCTION = YES;
				GCC_WARN_UNUSED_VARIABLE = YES;
				IPHONEOS_DEPLOYMENT_TARGET = 12.1;
				MTL_ENABLE_DEBUG_INFO = INCLUDE_SOURCE;
				MTL_FAST_MATH = YES;
				ONLY_ACTIVE_ARCH = YES;
				SDKROOT = iphoneos;
				SWIFT_ACTIVE_COMPILATION_CONDITIONS = DEBUG;
				SWIFT_OPTIMIZATION_LEVEL = "-Onone";
			};
			name = Debug;
		};
		AC77202121C9DB4B005F3193 /* Release */ = {
			isa = XCBuildConfiguration;
			buildSettings = {
				ALWAYS_SEARCH_USER_PATHS = NO;
				CLANG_ANALYZER_NONNULL = YES;
				CLANG_ANALYZER_NUMBER_OBJECT_CONVERSION = YES_AGGRESSIVE;
				CLANG_CXX_LANGUAGE_STANDARD = "gnu++14";
				CLANG_CXX_LIBRARY = "libc++";
				CLANG_ENABLE_MODULES = YES;
				CLANG_ENABLE_OBJC_ARC = YES;
				CLANG_ENABLE_OBJC_WEAK = YES;
				CLANG_WARN_BLOCK_CAPTURE_AUTORELEASING = YES;
				CLANG_WARN_BOOL_CONVERSION = YES;
				CLANG_WARN_COMMA = YES;
				CLANG_WARN_CONSTANT_CONVERSION = YES;
				CLANG_WARN_DEPRECATED_OBJC_IMPLEMENTATIONS = YES;
				CLANG_WARN_DIRECT_OBJC_ISA_USAGE = YES_ERROR;
				CLANG_WARN_DOCUMENTATION_COMMENTS = YES;
				CLANG_WARN_EMPTY_BODY = YES;
				CLANG_WARN_ENUM_CONVERSION = YES;
				CLANG_WARN_INFINITE_RECURSION = YES;
				CLANG_WARN_INT_CONVERSION = YES;
				CLANG_WARN_NON_LITERAL_NULL_CONVERSION = YES;
				CLANG_WARN_OBJC_IMPLICIT_RETAIN_SELF = YES;
				CLANG_WARN_OBJC_LITERAL_CONVERSION = YES;
				CLANG_WARN_OBJC_ROOT_CLASS = YES_ERROR;
				CLANG_WARN_RANGE_LOOP_ANALYSIS = YES;
				CLANG_WARN_STRICT_PROTOTYPES = YES;
				CLANG_WARN_SUSPICIOUS_MOVE = YES;
				CLANG_WARN_UNGUARDED_AVAILABILITY = YES_AGGRESSIVE;
				CLANG_WARN_UNREACHABLE_CODE = YES;
				CLANG_WARN__DUPLICATE_METHOD_MATCH = YES;
				CODE_SIGN_IDENTITY = "iPhone Developer";
				COPY_PHASE_STRIP = NO;
				DEBUG_INFORMATION_FORMAT = "dwarf-with-dsym";
				ENABLE_NS_ASSERTIONS = NO;
				ENABLE_STRICT_OBJC_MSGSEND = YES;
				GCC_C_LANGUAGE_STANDARD = gnu11;
				GCC_NO_COMMON_BLOCKS = YES;
				GCC_WARN_64_TO_32_BIT_CONVERSION = YES;
				GCC_WARN_ABOUT_RETURN_TYPE = YES_ERROR;
				GCC_WARN_UNDECLARED_SELECTOR = YES;
				GCC_WARN_UNINITIALIZED_AUTOS = YES_AGGRESSIVE;
				GCC_WARN_UNUSED_FUNCTION = YES;
				GCC_WARN_UNUSED_VARIABLE = YES;
				IPHONEOS_DEPLOYMENT_TARGET = 12.1;
				MTL_ENABLE_DEBUG_INFO = NO;
				MTL_FAST_MATH = YES;
				SDKROOT = iphoneos;
				SWIFT_COMPILATION_MODE = wholemodule;
				SWIFT_OPTIMIZATION_LEVEL = "-O";
				VALIDATE_PRODUCT = YES;
			};
			name = Release;
		};
		AC77202321C9DB4B005F3193 /* Debug */ = {
			isa = XCBuildConfiguration;
			buildSettings = {
				ASSETCATALOG_COMPILER_APPICON_NAME = AppIcon;
				CODE_SIGN_STYLE = Automatic;
				DEVELOPMENT_TEAM = 493PFTF9Q4;
				INFOPLIST_FILE = FaceInvander/Info.plist;
				LD_RUNPATH_SEARCH_PATHS = (
					"$(inherited)",
					"@executable_path/Frameworks",
				);
				PRODUCT_BUNDLE_IDENTIFIER = com.techforline.FaceInvander;
				PRODUCT_NAME = "$(TARGET_NAME)";
				SWIFT_VERSION = 4.2;
				TARGETED_DEVICE_FAMILY = "1,2";
			};
			name = Debug;
		};
		AC77202421C9DB4B005F3193 /* Release */ = {
			isa = XCBuildConfiguration;
			buildSettings = {
				ASSETCATALOG_COMPILER_APPICON_NAME = AppIcon;
				CODE_SIGN_STYLE = Automatic;
				DEVELOPMENT_TEAM = 493PFTF9Q4;
				INFOPLIST_FILE = FaceInvander/Info.plist;
				LD_RUNPATH_SEARCH_PATHS = (
					"$(inherited)",
					"@executable_path/Frameworks",
				);
				PRODUCT_BUNDLE_IDENTIFIER = com.techforline.FaceInvander;
				PRODUCT_NAME = "$(TARGET_NAME)";
				SWIFT_VERSION = 4.2;
				TARGETED_DEVICE_FAMILY = "1,2";
			};
			name = Release;
		};
/* End XCBuildConfiguration section */

/* Begin XCConfigurationList section */
		AC77200921C9DB4A005F3193 /* Build configuration list for PBXProject "FaceInvander" */ = {
			isa = XCConfigurationList;
			buildConfigurations = (
				AC77202021C9DB4B005F3193 /* Debug */,
				AC77202121C9DB4B005F3193 /* Release */,
			);
			defaultConfigurationIsVisible = 0;
			defaultConfigurationName = Release;
		};
		AC77202221C9DB4B005F3193 /* Build configuration list for PBXNativeTarget "FaceInvander" */ = {
			isa = XCConfigurationList;
			buildConfigurations = (
				AC77202321C9DB4B005F3193 /* Debug */,
				AC77202421C9DB4B005F3193 /* Release */,
			);
			defaultConfigurationIsVisible = 0;
			defaultConfigurationName = Release;
		};
/* End XCConfigurationList section */
	};
	rootObject = AC77200621C9DB4A005F3193 /* Project object */;
}
